
Microsoft Visual Studio Solution File, Format Version 12.00
# Visual Studio Version 17
VisualStudioVersion = 17.4.33103.184
MinimumVisualStudioVersion = 10.0.40219.1
Project("{8BC9CEB8-8B4A-11D0-8D11-00A0C91BC942}") = "ComputeAverages", "ComputeAverages\ComputeAverages.vcxproj", "{C9566AA6-DAA8-4D78-87F2-FBD4C526DA8F}"
EndProject
Global
	GlobalSection(SolutionConfigurationPlatforms) = preSolution
		Debug|x64 = Debug|x64
		Debug|x86 = Debug|x86
		Release|x64 = Release|x64
		Release|x86 = Release|x86
	EndGlobalSection
	GlobalSection(ProjectConfigurationPlatforms) = postSolution
		{C9566AA6-DAA8-4D78-87F2-FBD4C526DA8F}.Debug|x64.ActiveCfg = Debug|x64
		{C9566AA6-DAA8-4D78-87F2-FBD4C526DA8F}.Debug|x64.Build.0 = Debug|x64
		{C9566AA6-DAA8-4D78-87F2-FBD4C526DA8F}.Debug|x86.ActiveCfg = Debug|Win32
		{C9566AA6-DAA8-4D78-87F2-FBD4C526DA8F}.Debug|x86.Build.0 = Debug|Win32
		{C9566AA6-DAA8-4D78-87F2-FBD4C526DA8F}.Release|x64.ActiveCfg = Release|x64
		{C9566AA6-DAA8-4D78-87F2-FBD4C526DA8F}.Release|x64.Build.0 = Release|x64
		{C9566AA6-DAA8-4D78-87F2-FBD4C526DA8F}.Release|x86.ActiveCfg = Release|Win32
		{C9566AA6-DAA8-4D78-87F2-FBD4C526DA8F}.Release|x86.Build.0 = Release|Win32
	EndGlobalSection
	GlobalSection(SolutionProperties) = preSolution
		HideSolutionNode = FALSE
	EndGlobalSection
	GlobalSection(ExtensibilityGlobals) = postSolution
		SolutionGuid = {E9C58B3C-437A-425F-AC69-750F41843D68}
	EndGlobalSection
EndGlobal
